{
  "name": "@nunch-dev/skills",
  "version": "0.1.1",
  "lockfileVersion": 3,
  "requires": true,
  "packages": {
    "": {
      "name": "@nunch-dev/skills",
      "version": "0.1.1",
      "license": "MIT",
      "bin": {
        "nunch-skills": "npm/bin/nunch-skills.mjs"
      },
      "engines": {
        "node": ">=22"
      }
    }
  }
}
